
Microsoft Visual Studio Solution File, Format Version 12.00
# Visual Studio Version 16
VisualStudioVersion = 16.0.31613.86
MinimumVisualStudioVersion = 10.0.40219.1
Project("{8BC9CEB8-8B4A-11D0-8D11-00A0C91BC942}") = "PainterIBAI", "PainterIBAI.vcxproj", "{B5C50F29-7740-4F60-BDED-6FC96219613C}"
EndProject
Global
	GlobalSection(SolutionConfigurationPlatforms) = preSolution
		Debug|x64 = Debug|x64
		Debug|x86 = Debug|x86
		Release|x64 = Release|x64
		Release|x86 = Release|x86
	EndGlobalSection
	GlobalSection(ProjectConfigurationPlatforms) = postSolution
		{B5C50F29-7740-4F60-BDED-6FC96219613C}.Debug|x64.ActiveCfg = Debug|x64
		{B5C50F29-7740-4F60-BDED-6FC96219613C}.Debug|x64.Build.0 = Debug|x64
		{B5C50F29-7740-4F60-BDED-6FC96219613C}.Debug|x86.ActiveCfg = Debug|Win32
		{B5C50F29-7740-4F60-BDED-6FC96219613C}.Debug|x86.Build.0 = Debug|Win32
		{B5C50F29-7740-4F60-BDED-6FC96219613C}.Release|x64.ActiveCfg = Release|x64
		{B5C50F29-7740-4F60-BDED-6FC96219613C}.Release|x64.Build.0 = Release|x64
		{B5C50F29-7740-4F60-BDED-6FC96219613C}.Release|x86.ActiveCfg = Release|Win32
		{B5C50F29-7740-4F60-BDED-6FC96219613C}.Release|x86.Build.0 = Release|Win32
	EndGlobalSection
	GlobalSection(SolutionProperties) = preSolution
		HideSolutionNode = FALSE
	EndGlobalSection
	GlobalSection(ExtensibilityGlobals) = postSolution
		SolutionGuid = {8935ECB5-9FE5-4DF9-991A-3AEB4E9CB219}
	EndGlobalSection
EndGlobal
